
Microsoft Visual Studio Solution File, Format Version 12.00
# Visual Studio Version 17
VisualStudioVersion = 17.0.31912.275
MinimumVisualStudioVersion = 10.0.40219.1
Project("{FAE04EC0-301F-11D3-BF4B-00C04F79EFBC}") = "Playground", "Playground\Playground.csproj", "{24A40982-A448-4796-BCF7-2277A5D571DF}"
EndProject
Global
	GlobalSection(SolutionConfigurationPlatforms) = preSolution
		Debug|Any CPU = Debug|Any CPU
		Release|Any CPU = Release|Any CPU
	EndGlobalSection
	GlobalSection(ProjectConfigurationPlatforms) = postSolution
		{24A40982-A448-4796-BCF7-2277A5D571DF}.Debug|Any CPU.ActiveCfg = Debug|Any CPU
		{24A40982-A448-4796-BCF7-2277A5D571DF}.Debug|Any CPU.Build.0 = Debug|Any CPU
		{24A40982-A448-4796-BCF7-2277A5D571DF}.Release|Any CPU.ActiveCfg = Release|Any CPU
		{24A40982-A448-4796-BCF7-2277A5D571DF}.Release|Any CPU.Build.0 = Release|Any CPU
	EndGlobalSection
	GlobalSection(SolutionProperties) = preSolution
		HideSolutionNode = FALSE
	EndGlobalSection
	GlobalSection(ExtensibilityGlobals) = postSolution
		SolutionGuid = {B363E9F9-C037-4E3E-AB80-3A3189EA9E42}
	EndGlobalSection
EndGlobal
